
Microsoft Visual Studio Solution File, Format Version 12.00
# Visual Studio Version 17
VisualStudioVersion = 17.7.34031.279
MinimumVisualStudioVersion = 10.0.40219.1
Project("{FAE04EC0-301F-11D3-BF4B-00C04F79EFBC}") = "Nexus.TestConsole", "Nexus.TestConsole\Nexus.TestConsole.csproj", "{85ADEADF-18AD-4104-853A-80F9DE4400E3}"
EndProject
Project("{FAE04EC0-301F-11D3-BF4B-00C04F79EFBC}") = "Nexus.TestLibrary", "Nexus.TestLibrary\Nexus.TestLibrary.csproj", "{81849712-1511-424E-9A27-0CB05BC6C17C}"
EndProject
Project("{2150E333-8FDC-42A3-9474-1A3956D46DE8}") = "Solution Items", "Solution Items", "{E4C5B1D9-C163-48A2-A07E-ED8B8AE1A0B8}"
	ProjectSection(SolutionItems) = preProject
		Directory.Build.props = Directory.Build.props
		README.md = README.md
	EndProjectSection
EndProject
Global
	GlobalSection(SolutionConfigurationPlatforms) = preSolution
		Debug|Any CPU = Debug|Any CPU
		Release|Any CPU = Release|Any CPU
	EndGlobalSection
	GlobalSection(ProjectConfigurationPlatforms) = postSolution
		{85ADEADF-18AD-4104-853A-80F9DE4400E3}.Debug|Any CPU.ActiveCfg = Debug|Any CPU
		{85ADEADF-18AD-4104-853A-80F9DE4400E3}.Debug|Any CPU.Build.0 = Debug|Any CPU
		{85ADEADF-18AD-4104-853A-80F9DE4400E3}.Release|Any CPU.ActiveCfg = Release|Any CPU
		{85ADEADF-18AD-4104-853A-80F9DE4400E3}.Release|Any CPU.Build.0 = Release|Any CPU
		{81849712-1511-424E-9A27-0CB05BC6C17C}.Debug|Any CPU.ActiveCfg = Debug|Any CPU
		{81849712-1511-424E-9A27-0CB05BC6C17C}.Debug|Any CPU.Build.0 = Debug|Any CPU
		{81849712-1511-424E-9A27-0CB05BC6C17C}.Release|Any CPU.ActiveCfg = Release|Any CPU
		{81849712-1511-424E-9A27-0CB05BC6C17C}.Release|Any CPU.Build.0 = Release|Any CPU
	EndGlobalSection
	GlobalSection(SolutionProperties) = preSolution
		HideSolutionNode = FALSE
	EndGlobalSection
	GlobalSection(ExtensibilityGlobals) = postSolution
		SolutionGuid = {66C71894-B0C5-46EA-9B30-12D78B726DC4}
	EndGlobalSection
EndGlobal
